
Microsoft Visual Studio Solution File, Format Version 12.00
# Visual Studio Version 16
VisualStudioVersion = 16.0.32106.194
MinimumVisualStudioVersion = 10.0.40219.1
Project("{FAE04EC0-301F-11D3-BF4B-00C04F79EFBC}") = "BurrisProject3", "BurrisProject3.csproj", "{EC6595B8-7027-4D58-B5C2-D0D3D5C1A83B}"
EndProject
Global
	GlobalSection(SolutionConfigurationPlatforms) = preSolution
		Debug|Any CPU = Debug|Any CPU
		Release|Any CPU = Release|Any CPU
	EndGlobalSection
	GlobalSection(ProjectConfigurationPlatforms) = postSolution
		{EC6595B8-7027-4D58-B5C2-D0D3D5C1A83B}.Debug|Any CPU.ActiveCfg = Debug|Any CPU
		{EC6595B8-7027-4D58-B5C2-D0D3D5C1A83B}.Debug|Any CPU.Build.0 = Debug|Any CPU
		{EC6595B8-7027-4D58-B5C2-D0D3D5C1A83B}.Release|Any CPU.ActiveCfg = Release|Any CPU
		{EC6595B8-7027-4D58-B5C2-D0D3D5C1A83B}.Release|Any CPU.Build.0 = Release|Any CPU
	EndGlobalSection
	GlobalSection(SolutionProperties) = preSolution
		HideSolutionNode = FALSE
	EndGlobalSection
	GlobalSection(ExtensibilityGlobals) = postSolution
		SolutionGuid = {0F1F7BD3-9953-4CD6-A4BB-9DA72623F14E}
	EndGlobalSection
EndGlobal
